{
  "originHash" : "8a151b1cb3c8d3372605a325533f01e85d15a1b12c2854184fb528a33a30e19d",
  "pins" : [
    {
      "identity" : "agoraaudio_ios",
      "kind" : "remoteSourceControl",
      "location" : "https://github.com/AgoraIO/AgoraAudio_iOS",
      "state" : {
        "revision" : "173301334adfab9733171749e36641fe770d05a9",
        "version" : "4.5.2"
      }
    },
    {
      "identity" : "agorainfra_ios",
      "kind" : "remoteSourceControl",
      "location" : "https://github.com/AgoraIO/AgoraInfra_iOS.git",
      "state" : {
        "revision" : "c2781d81a1ac78b94fefd53171975acb426b6ac5",
        "version" : "1.2.13"
      }
    },
    {
      "identity" : "moddakirsdk",
      "kind" : "remoteSourceControl",
      "location" : "https://github.com/Moddakir-App/ModdakirSDK",
      "state" : {
        "revision" : "0ef01650ab7637334fe82701a0811b604bffde7f",
        "version" : "0.1.7"
      }
    },
    {
      "identity" : "networkmanager",
      "kind" : "remoteSourceControl",
      "location" : "https://github.com/Amin-0-1/NetworkManager",
      "state" : {
        "revision" : "9c8a614b18cd087d83e5cf746a8e271f9fff4627",
        "version" : "1.6.2"
      }
    },
    {
      "identity" : "swiftygif",
      "kind" : "remoteSourceControl",
      "location" : "https://github.com/alexiscreuzot/SwiftyGif",
      "state" : {
        "revision" : "4430cbc148baa3907651d40562d96325426f409a",
        "version" : "5.4.5"
      }
    }
  ],
  "version" : 3
}
